<?xml version="1.0" encoding="UTF-8" standalone="yes" ?>
<CodeBlocks_project_file>
	<FileVersion major="1" minor="6" />
	<Project>
		<Option title="Tube Rider" />
		<Option pch_mode="2" />
		<Option compiler="gcc" />
		<Build>
			<Target title="Debug">
				<Option output="bin/Tube Rider" prefix_auto="1" extension_auto="1" />
				<Option object_output="obj/Debug/" />
				<Option type="1" />
				<Option compiler="gcc" />
				<Compiler>
					<Add option="-g" />
				</Compiler>
			</Target>
			<Target title="Release">
				<Option output="bin/Release/pl_szkielet03_win" prefix_auto="1" extension_auto="1" />
				<Option object_output="obj/Release/" />
				<Option type="1" />
				<Option compiler="gcc" />
				<Compiler>
					<Add option="-O2" />
				</Compiler>
				<Linker>
					<Add option="-s" />
				</Linker>
			</Target>
		</Build>
		<Compiler>
			<Add option="-Wall" />
			<Add option="-fexceptions" />
			<Add option="-DGLEW_STATIC" />
			<Add directory="glm" />
			<Add directory="glfw/include" />
			<Add directory="glew/include" />
			<Add directory="." />
		</Compiler>
		<Linker>
			<Add library="glew/lib/glew32s.lib" />
			<Add library="glfw3" />
			<Add library="opengl32" />
			<Add library="gdi32" />
			<Add library="glu32" />
			<Add directory="glfw/lib" />
			<Add directory="glew/lib" />
		</Linker>
		<Unit filename="allmodels.h" />
		<Unit filename="constants.h" />
		<Unit filename="cube.cpp" />
		<Unit filename="cube.h" />
		<Unit filename="f_colored.glsl" />
		<Unit filename="f_constant.glsl" />
		<Unit filename="f_custom.glsl" />
		<Unit filename="f_lambert.glsl" />
		<Unit filename="f_lamberttextured.glsl" />
		<Unit filename="f_textured.glsl" />
		<Unit filename="gameObject.cpp">
			<Option weight="51" />
		</Unit>
		<Unit filename="gameObject.h" />
		<Unit filename="lodepng.cpp" />
		<Unit filename="lodepng.h" />
		<Unit filename="main_file.cpp" />
		<Unit filename="model.cpp" />
		<Unit filename="model.h" />
		<Unit filename="myCube.h" />
		<Unit filename="shaderprogram.cpp" />
		<Unit filename="shaderprogram.h" />
		<Unit filename="sphere.cpp" />
		<Unit filename="sphere.h" />
		<Unit filename="teapot.cpp" />
		<Unit filename="teapot.h" />
		<Unit filename="torus.cpp" />
		<Unit filename="torus.h" />
		<Unit filename="v_colored.glsl" />
		<Unit filename="v_constant.glsl" />
		<Unit filename="v_custom.glsl" />
		<Unit filename="v_lambert.glsl" />
		<Unit filename="v_lamberttextured.glsl" />
		<Unit filename="v_textured.glsl" />
		<Unit filename="wall.cpp" />
		<Unit filename="wall.h" />
		<Extensions>
			<code_completion />
			<envvars />
			<debugger />
		</Extensions>
	</Project>
</CodeBlocks_project_file>
